// !$*UTF8*$!
{
	archiveVersion = 1;
	classes = {
	};
	objectVersion = 46;
	objects = {

/* Begin PBXBuildFile section */
		966013A51D81DAA60066DB1D /* ApplicationConstants.swift in Sources */ = {isa = PBXBuildFile; fileRef = 966013A41D81DAA60066DB1D /* ApplicationConstants.swift */; };
		966013A71D81DABA0066DB1D /* Main.storyboard in Resources */ = {isa = PBXBuildFile; fileRef = 966013A61D81DABA0066DB1D /* Main.storyboard */; };
		966013AD1D81DAF60066DB1D /* ViewController+Alert.swift in Sources */ = {isa = PBXBuildFile; fileRef = 966013A81D81DAF60066DB1D /* ViewController+Alert.swift */; };
		966013AE1D81DAF60066DB1D /* ConnectViewController.swift in Sources */ = {isa = PBXBuildFile; fileRef = 966013A91D81DAF60066DB1D /* ConnectViewController.swift */; };
		966013AF1D81DAF60066DB1D /* PhotoSelectorTableViewController.swift in Sources */ = {isa = PBXBuildFile; fileRef = 966013AA1D81DAF60066DB1D /* PhotoSelectorTableViewController.swift */; };
		966013B01D81DAF60066DB1D /* SelectPersonTableViewController.swift in Sources */ = {isa = PBXBuildFile; fileRef = 966013AB1D81DAF60066DB1D /* SelectPersonTableViewController.swift */; };
		966013B11D81DAF60066DB1D /* FaceApiTableViewController.swift in Sources */ = {isa = PBXBuildFile; fileRef = 966013AC1D81DAF60066DB1D /* FaceApiTableViewController.swift */; };
		966013B41D81DAFB0066DB1D /* AuthenticationProvider.swift in Sources */ = {isa = PBXBuildFile; fileRef = 966013B21D81DAFB0066DB1D /* AuthenticationProvider.swift */; };
		966013B51D81DAFB0066DB1D /* Graph.swift in Sources */ = {isa = PBXBuildFile; fileRef = 966013B31D81DAFB0066DB1D /* Graph.swift */; };
		966013B71D81DAFF0066DB1D /* FaceAPI.swift in Sources */ = {isa = PBXBuildFile; fileRef = 966013B61D81DAFF0066DB1D /* FaceAPI.swift */; };
		966013B91D81DB280066DB1D /* Readme.md in Sources */ = {isa = PBXBuildFile; fileRef = 966013B81D81DB280066DB1D /* Readme.md */; };
		96A8C0E11D81D9F100797080 /* AppDelegate.swift in Sources */ = {isa = PBXBuildFile; fileRef = 96A8C0E01D81D9F100797080 /* AppDelegate.swift */; };
		96A8C0E81D81D9F100797080 /* Assets.xcassets in Resources */ = {isa = PBXBuildFile; fileRef = 96A8C0E71D81D9F100797080 /* Assets.xcassets */; };
		96A8C0EB1D81D9F100797080 /* LaunchScreen.storyboard in Resources */ = {isa = PBXBuildFile; fileRef = 96A8C0E91D81D9F100797080 /* LaunchScreen.storyboard */; };
		EDD8813B37568D83E0973C98 /* Pods_ios_swift_faceapi_sample.framework in Frameworks */ = {isa = PBXBuildFile; fileRef = AABC9B24BB9CA0FB45F203BD /* Pods_ios_swift_faceapi_sample.framework */; };
/* End PBXBuildFile section */

/* Begin PBXFileReference section */
		238BA008227BB14A00A5BACD /* ios-swift-faceapi-sample.entitlements */ = {isa = PBXFileReference; lastKnownFileType = text.plist.entitlements; path = "ios-swift-faceapi-sample.entitlements"; sourceTree = "<group>"; };
		3215642D1D267668AD70ABAD /* Pods-ios-swift-faceapi-sample.release.xcconfig */ = {isa = PBXFileReference; includeInIndex = 1; lastKnownFileType = text.xcconfig; name = "Pods-ios-swift-faceapi-sample.release.xcconfig"; path = "Pods/Target Support Files/Pods-ios-swift-faceapi-sample/Pods-ios-swift-faceapi-sample.release.xcconfig"; sourceTree = "<group>"; };
		966013A41D81DAA60066DB1D /* ApplicationConstants.swift */ = {isa = PBXFileReference; fileEncoding = 4; lastKnownFileType = sourcecode.swift; path = ApplicationConstants.swift; sourceTree = "<group>"; };
		966013A61D81DABA0066DB1D /* Main.storyboard */ = {isa = PBXFileReference; fileEncoding = 4; lastKnownFileType = file.storyboard; path = Main.storyboard; sourceTree = "<group>"; };
		966013A81D81DAF60066DB1D /* ViewController+Alert.swift */ = {isa = PBXFileReference; fileEncoding = 4; lastKnownFileType = sourcecode.swift; path = "ViewController+Alert.swift"; sourceTree = "<group>"; };
		966013A91D81DAF60066DB1D /* ConnectViewController.swift */ = {isa = PBXFileReference; fileEncoding = 4; lastKnownFileType = sourcecode.swift; path = ConnectViewController.swift; sourceTree = "<group>"; };
		966013AA1D81DAF60066DB1D /* PhotoSelectorTableViewController.swift */ = {isa = PBXFileReference; fileEncoding = 4; lastKnownFileType = sourcecode.swift; path = PhotoSelectorTableViewController.swift; sourceTree = "<group>"; };
		966013AB1D81DAF60066DB1D /* SelectPersonTableViewController.swift */ = {isa = PBXFileReference; fileEncoding = 4; lastKnownFileType = sourcecode.swift; path = SelectPersonTableViewController.swift; sourceTree = "<group>"; };
		966013AC1D81DAF60066DB1D /* FaceApiTableViewController.swift */ = {isa = PBXFileReference; fileEncoding = 4; lastKnownFileType = sourcecode.swift; path = FaceApiTableViewController.swift; sourceTree = "<group>"; };
		966013B21D81DAFB0066DB1D /* AuthenticationProvider.swift */ = {isa = PBXFileReference; fileEncoding = 4; lastKnownFileType = sourcecode.swift; path = AuthenticationProvider.swift; sourceTree = "<group>"; };
		966013B31D81DAFB0066DB1D /* Graph.swift */ = {isa = PBXFileReference; fileEncoding = 4; lastKnownFileType = sourcecode.swift; path = Graph.swift; sourceTree = "<group>"; };
		966013B61D81DAFF0066DB1D /* FaceAPI.swift */ = {isa = PBXFileReference; fileEncoding = 4; lastKnownFileType = sourcecode.swift; path = FaceAPI.swift; sourceTree = "<group>"; };
		966013B81D81DB280066DB1D /* Readme.md */ = {isa = PBXFileReference; fileEncoding = 4; lastKnownFileType = net.daringfireball.markdown; path = Readme.md; sourceTree = "<group>"; };
		96A8C0DD1D81D9F100797080 /* ios-swift-faceapi-sample.app */ = {isa = PBXFileReference; explicitFileType = wrapper.application; includeInIndex = 0; path = "ios-swift-faceapi-sample.app"; sourceTree = BUILT_PRODUCTS_DIR; };
		96A8C0E01D81D9F100797080 /* AppDelegate.swift */ = {isa = PBXFileReference; lastKnownFileType = sourcecode.swift; path = AppDelegate.swift; sourceTree = "<group>"; };
		96A8C0E71D81D9F100797080 /* Assets.xcassets */ = {isa = PBXFileReference; lastKnownFileType = folder.assetcatalog; path = Assets.xcassets; sourceTree = "<group>"; };
		96A8C0EA1D81D9F100797080 /* Base */ = {isa = PBXFileReference; lastKnownFileType = file.storyboard; name = Base; path = Base.lproj/LaunchScreen.storyboard; sourceTree = "<group>"; };
		96A8C0EC1D81D9F100797080 /* Info.plist */ = {isa = PBXFileReference; lastKnownFileType = text.plist.xml; path = Info.plist; sourceTree = "<group>"; };
		9E6B7DCF33C7FD5F8EB7EE4C /* Pods-ios-swift-faceapi-sample.debug.xcconfig */ = {isa = PBXFileReference; includeInIndex = 1; lastKnownFileType = text.xcconfig; name = "Pods-ios-swift-faceapi-sample.debug.xcconfig"; path = "Pods/Target Support Files/Pods-ios-swift-faceapi-sample/Pods-ios-swift-faceapi-sample.debug.xcconfig"; sourceTree = "<group>"; };
		AABC9B24BB9CA0FB45F203BD /* Pods_ios_swift_faceapi_sample.framework */ = {isa = PBXFileReference; explicitFileType = wrapper.framework; includeInIndex = 0; path = Pods_ios_swift_faceapi_sample.framework; sourceTree = BUILT_PRODUCTS_DIR; };
/* End PBXFileReference section */

/* Begin PBXFrameworksBuildPhase section */
		96A8C0DA1D81D9F100797080 /* Frameworks */ = {
			isa = PBXFrameworksBuildPhase;
			buildActionMask = 2147483647;
			files = (
				EDD8813B37568D83E0973C98 /* Pods_ios_swift_faceapi_sample.framework in Frameworks */,
			);
			runOnlyForDeploymentPostprocessing = 0;
		};
/* End PBXFrameworksBuildPhase section */

/* Begin PBXGroup section */
		6E81A13CDEC0D218748D308D /* Frameworks */ = {
			isa = PBXGroup;
			children = (
				AABC9B24BB9CA0FB45F203BD /* Pods_ios_swift_faceapi_sample.framework */,
			);
			name = Frameworks;
			sourceTree = "<group>";
		};
		9660139C1D81DA730066DB1D /* Services */ = {
			isa = PBXGroup;
			children = (
				966013A21D81DA9C0066DB1D /* FaceAPI */,
				966013A11D81DA970066DB1D /* Graph */,
			);
			name = Services;
			sourceTree = "<group>";
		};
		9660139D1D81DA760066DB1D /* Controllers */ = {
			isa = PBXGroup;
			children = (
				96A8C0E01D81D9F100797080 /* AppDelegate.swift */,
				966013A81D81DAF60066DB1D /* ViewController+Alert.swift */,
				966013A91D81DAF60066DB1D /* ConnectViewController.swift */,
				966013AA1D81DAF60066DB1D /* PhotoSelectorTableViewController.swift */,
				966013AB1D81DAF60066DB1D /* SelectPersonTableViewController.swift */,
				966013AC1D81DAF60066DB1D /* FaceApiTableViewController.swift */,
			);
			name = Controllers;
			sourceTree = "<group>";
		};
		9660139E1D81DA770066DB1D /* Views */ = {
			isa = PBXGroup;
			children = (
				966013A61D81DABA0066DB1D /* Main.storyboard */,
				96A8C0E91D81D9F100797080 /* LaunchScreen.storyboard */,
			);
			name = Views;
			sourceTree = "<group>";
		};
		9660139F1D81DA790066DB1D /* Resources */ = {
			isa = PBXGroup;
			children = (
				96A8C0E71D81D9F100797080 /* Assets.xcassets */,
				96A8C0EC1D81D9F100797080 /* Info.plist */,
			);
			name = Resources;
			sourceTree = "<group>";
		};
		966013A01D81DA7D0066DB1D /* Application */ = {
			isa = PBXGroup;
			children = (
				966013A41D81DAA60066DB1D /* ApplicationConstants.swift */,
			);
			name = Application;
			sourceTree = "<group>";
		};
		966013A11D81DA970066DB1D /* Graph */ = {
			isa = PBXGroup;
			children = (
				966013B21D81DAFB0066DB1D /* AuthenticationProvider.swift */,
				966013B31D81DAFB0066DB1D /* Graph.swift */,
			);
			name = Graph;
			sourceTree = "<group>";
		};
		966013A21D81DA9C0066DB1D /* FaceAPI */ = {
			isa = PBXGroup;
			children = (
				966013B61D81DAFF0066DB1D /* FaceAPI.swift */,
			);
			name = FaceAPI;
			sourceTree = "<group>";
		};
		96A8C0D41D81D9F100797080 = {
			isa = PBXGroup;
			children = (
				966013B81D81DB280066DB1D /* Readme.md */,
				96A8C0DF1D81D9F100797080 /* ios-swift-faceapi-sample */,
				96A8C0DE1D81D9F100797080 /* Products */,
				AA826BEB9BC8E81CD37DBDD2 /* Pods */,
				6E81A13CDEC0D218748D308D /* Frameworks */,
			);
			sourceTree = "<group>";
		};
		96A8C0DE1D81D9F100797080 /* Products */ = {
			isa = PBXGroup;
			children = (
				96A8C0DD1D81D9F100797080 /* ios-swift-faceapi-sample.app */,
			);
			name = Products;
			sourceTree = "<group>";
		};
		96A8C0DF1D81D9F100797080 /* ios-swift-faceapi-sample */ = {
			isa = PBXGroup;
			children = (
				238BA008227BB14A00A5BACD /* ios-swift-faceapi-sample.entitlements */,
				966013A01D81DA7D0066DB1D /* Application */,
				9660139F1D81DA790066DB1D /* Resources */,
				9660139E1D81DA770066DB1D /* Views */,
				9660139D1D81DA760066DB1D /* Controllers */,
				9660139C1D81DA730066DB1D /* Services */,
			);
			path = "ios-swift-faceapi-sample";
			sourceTree = "<group>";
		};
		AA826BEB9BC8E81CD37DBDD2 /* Pods */ = {
			isa = PBXGroup;
			children = (
				9E6B7DCF33C7FD5F8EB7EE4C /* Pods-ios-swift-faceapi-sample.debug.xcconfig */,
				3215642D1D267668AD70ABAD /* Pods-ios-swift-faceapi-sample.release.xcconfig */,
			);
			name = Pods;
			sourceTree = "<group>";
		};
/* End PBXGroup section */

/* Begin PBXNativeTarget section */
		96A8C0DC1D81D9F100797080 /* ios-swift-faceapi-sample */ = {
			isa = PBXNativeTarget;
			buildConfigurationList = 96A8C0EF1D81D9F100797080 /* Build configuration list for PBXNativeTarget "ios-swift-faceapi-sample" */;
			buildPhases = (
				FFBA0EB15B4CB967A0BF4478 /* [CP] Check Pods Manifest.lock */,
				96A8C0D91D81D9F100797080 /* Sources */,
				96A8C0DA1D81D9F100797080 /* Frameworks */,
				96A8C0DB1D81D9F100797080 /* Resources */,
				38960F5BF400F2762D2618C4 /* [CP] Embed Pods Frameworks */,
			);
			buildRules = (
			);
			dependencies = (
			);
			name = "ios-swift-faceapi-sample";
			productName = "ios-swift-faceapi-sample";
			productReference = 96A8C0DD1D81D9F100797080 /* ios-swift-faceapi-sample.app */;
			productType = "com.apple.product-type.application";
		};
/* End PBXNativeTarget section */

/* Begin PBXProject section */
		96A8C0D51D81D9F100797080 /* Project object */ = {
			isa = PBXProject;
			attributes = {
				LastSwiftUpdateCheck = 0730;
				LastUpgradeCheck = 1010;
				ORGANIZATIONNAME = Microsoft;
				TargetAttributes = {
					96A8C0DC1D81D9F100797080 = {
						CreatedOnToolsVersion = 7.3.1;
						SystemCapabilities = {
							com.apple.Keychain = {
								enabled = 1;
							};
						};
					};
				};
			};
			buildConfigurationList = 96A8C0D81D81D9F100797080 /* Build configuration list for PBXProject "ios-swift-faceapi-sample" */;
			compatibilityVersion = "Xcode 3.2";
			developmentRegion = English;
			hasScannedForEncodings = 0;
			knownRegions = (
				en,
				Base,
			);
			mainGroup = 96A8C0D41D81D9F100797080;
			productRefGroup = 96A8C0DE1D81D9F100797080 /* Products */;
			projectDirPath = "";
			projectRoot = "";
			targets = (
				96A8C0DC1D81D9F100797080 /* ios-swift-faceapi-sample */,
			);
		};
/* End PBXProject section */

/* Begin PBXResourcesBuildPhase section */
		96A8C0DB1D81D9F100797080 /* Resources */ = {
			isa = PBXResourcesBuildPhase;
			buildActionMask = 2147483647;
			files = (
				96A8C0EB1D81D9F100797080 /* LaunchScreen.storyboard in Resources */,
				96A8C0E81D81D9F100797080 /* Assets.xcassets in Resources */,
				966013A71D81DABA0066DB1D /* Main.storyboard in Resources */,
			);
			runOnlyForDeploymentPostprocessing = 0;
		};
/* End PBXResourcesBuildPhase section */

/* Begin PBXShellScriptBuildPhase section */
		38960F5BF400F2762D2618C4 /* [CP] Embed Pods Frameworks */ = {
			isa = PBXShellScriptBuildPhase;
			buildActionMask = 2147483647;
			files = (
			);
			inputFileListPaths = (
			);
			inputPaths = (
				"${PODS_ROOT}/Target Support Files/Pods-ios-swift-faceapi-sample/Pods-ios-swift-faceapi-sample-frameworks.sh",
				"${BUILT_PRODUCTS_DIR}/MSAL/MSAL.framework",
				"${BUILT_PRODUCTS_DIR}/MSGraphSDK/MSGraphSDK.framework",
			);
			name = "[CP] Embed Pods Frameworks";
			outputFileListPaths = (
			);
			outputPaths = (
				"${TARGET_BUILD_DIR}/${FRAMEWORKS_FOLDER_PATH}/MSAL.framework",
				"${TARGET_BUILD_DIR}/${FRAMEWORKS_FOLDER_PATH}/MSGraphSDK.framework",
			);
			runOnlyForDeploymentPostprocessing = 0;
			shellPath = /bin/sh;
			shellScript = "\"${PODS_ROOT}/Target Support Files/Pods-ios-swift-faceapi-sample/Pods-ios-swift-faceapi-sample-frameworks.sh\"\n";
			showEnvVarsInLog = 0;
		};
		FFBA0EB15B4CB967A0BF4478 /* [CP] Check Pods Manifest.lock */ = {
			isa = PBXShellScriptBuildPhase;
			buildActionMask = 2147483647;
			files = (
			);
			inputPaths = (
				"${PODS_PODFILE_DIR_PATH}/Podfile.lock",
				"${PODS_ROOT}/Manifest.lock",
			);
			name = "[CP] Check Pods Manifest.lock";
			outputPaths = (
				"$(DERIVED_FILE_DIR)/Pods-ios-swift-faceapi-sample-checkManifestLockResult.txt",
			);
			runOnlyForDeploymentPostprocessing = 0;
			shellPath = /bin/sh;
			shellScript = "diff \"${PODS_PODFILE_DIR_PATH}/Podfile.lock\" \"${PODS_ROOT}/Manifest.lock\" > /dev/null\nif [ $? != 0 ] ; then\n    # print error to STDERR\n    echo \"error: The sandbox is not in sync with the Podfile.lock. Run 'pod install' or update your CocoaPods installation.\" >&2\n    exit 1\nfi\n# This output is used by Xcode 'outputs' to avoid re-running this script phase.\necho \"SUCCESS\" > \"${SCRIPT_OUTPUT_FILE_0}\"\n";
			showEnvVarsInLog = 0;
		};
/* End PBXShellScriptBuildPhase section */

/* Begin PBXSourcesBuildPhase section */
		96A8C0D91D81D9F100797080 /* Sources */ = {
			isa = PBXSourcesBuildPhase;
			buildActionMask = 2147483647;
			files = (
				966013B11D81DAF60066DB1D /* FaceApiTableViewController.swift in Sources */,
				966013B01D81DAF60066DB1D /* SelectPersonTableViewController.swift in Sources */,
				966013B91D81DB280066DB1D /* Readme.md in Sources */,
				966013AD1D81DAF60066DB1D /* ViewController+Alert.swift in Sources */,
				96A8C0E11D81D9F100797080 /* AppDelegate.swift in Sources */,
				966013AF1D81DAF60066DB1D /* PhotoSelectorTableViewController.swift in Sources */,
				966013B71D81DAFF0066DB1D /* FaceAPI.swift in Sources */,
				966013A51D81DAA60066DB1D /* ApplicationConstants.swift in Sources */,
				966013B51D81DAFB0066DB1D /* Graph.swift in Sources */,
				966013AE1D81DAF60066DB1D /* ConnectViewController.swift in Sources */,
				966013B41D81DAFB0066DB1D /* AuthenticationProvider.swift in Sources */,
			);
			runOnlyForDeploymentPostprocessing = 0;
		};
/* End PBXSourcesBuildPhase section */

/* Begin PBXVariantGroup section */
		96A8C0E91D81D9F100797080 /* LaunchScreen.storyboard */ = {
			isa = PBXVariantGroup;
			children = (
				96A8C0EA1D81D9F100797080 /* Base */,
			);
			name = LaunchScreen.storyboard;
			sourceTree = "<group>";
		};
/* End PBXVariantGroup section */

/* Begin XCBuildConfiguration section */
		96A8C0ED1D81D9F100797080 /* Debug */ = {
			isa = XCBuildConfiguration;
			buildSettings = {
				ALWAYS_SEARCH_USER_PATHS = NO;
				CLANG_ANALYZER_NONNULL = YES;
				CLANG_CXX_LANGUAGE_STANDARD = "gnu++0x";
				CLANG_CXX_LIBRARY = "libc++";
				CLANG_ENABLE_MODULES = YES;
				CLANG_ENABLE_OBJC_ARC = YES;
				CLANG_WARN_BLOCK_CAPTURE_AUTORELEASING = YES;
				CLANG_WARN_BOOL_CONVERSION = YES;
				CLANG_WARN_COMMA = YES;
				CLANG_WARN_CONSTANT_CONVERSION = YES;
				CLANG_WARN_DEPRECATED_OBJC_IMPLEMENTATIONS = YES;
				CLANG_WARN_DIRECT_OBJC_ISA_USAGE = YES_ERROR;
				CLANG_WARN_EMPTY_BODY = YES;
				CLANG_WARN_ENUM_CONVERSION = YES;
				CLANG_WARN_INFINITE_RECURSION = YES;
				CLANG_WARN_INT_CONVERSION = YES;
				CLANG_WARN_NON_LITERAL_NULL_CONVERSION = YES;
				CLANG_WARN_OBJC_IMPLICIT_RETAIN_SELF = YES;
				CLANG_WARN_OBJC_LITERAL_CONVERSION = YES;
				CLANG_WARN_OBJC_ROOT_CLASS = YES_ERROR;
				CLANG_WARN_RANGE_LOOP_ANALYSIS = YES;
				CLANG_WARN_STRICT_PROTOTYPES = YES;
				CLANG_WARN_SUSPICIOUS_MOVE = YES;
				CLANG_WARN_UNREACHABLE_CODE = YES;
				CLANG_WARN__DUPLICATE_METHOD_MATCH = YES;
				"CODE_SIGN_IDENTITY[sdk=iphoneos*]" = "iPhone Developer";
				COPY_PHASE_STRIP = NO;
				DEBUG_INFORMATION_FORMAT = dwarf;
				ENABLE_STRICT_OBJC_MSGSEND = YES;
				ENABLE_TESTABILITY = YES;
				GCC_C_LANGUAGE_STANDARD = gnu99;
				GCC_DYNAMIC_NO_PIC = NO;
				GCC_NO_COMMON_BLOCKS = YES;
				GCC_OPTIMIZATION_LEVEL = 0;
				GCC_PREPROCESSOR_DEFINITIONS = (
					"DEBUG=1",
					"$(inherited)",
				);
				GCC_WARN_64_TO_32_BIT_CONVERSION = YES;
				GCC_WARN_ABOUT_RETURN_TYPE = YES_ERROR;
				GCC_WARN_UNDECLARED_SELECTOR = YES;
				GCC_WARN_UNINITIALIZED_AUTOS = YES_AGGRESSIVE;
				GCC_WARN_UNUSED_FUNCTION = YES;
				GCC_WARN_UNUSED_VARIABLE = YES;
				IPHONEOS_DEPLOYMENT_TARGET = 9.3;
				MTL_ENABLE_DEBUG_INFO = YES;
				ONLY_ACTIVE_ARCH = YES;
				SDKROOT = iphoneos;
				SWIFT_OPTIMIZATION_LEVEL = "-Onone";
			};
			name = Debug;
		};
		96A8C0EE1D81D9F100797080 /* Release */ = {
			isa = XCBuildConfiguration;
			buildSettings = {
				ALWAYS_SEARCH_USER_PATHS = NO;
				CLANG_ANALYZER_NONNULL = YES;
				CLANG_CXX_LANGUAGE_STANDARD = "gnu++0x";
				CLANG_CXX_LIBRARY = "libc++";
				CLANG_ENABLE_MODULES = YES;
				CLANG_ENABLE_OBJC_ARC = YES;
				CLANG_WARN_BLOCK_CAPTURE_AUTORELEASING = YES;
				CLANG_WARN_BOOL_CONVERSION = YES;
				CLANG_WARN_COMMA = YES;
				CLANG_WARN_CONSTANT_CONVERSION = YES;
				CLANG_WARN_DEPRECATED_OBJC_IMPLEMENTATIONS = YES;
				CLANG_WARN_DIRECT_OBJC_ISA_USAGE = YES_ERROR;
				CLANG_WARN_EMPTY_BODY = YES;
				CLANG_WARN_ENUM_CONVERSION = YES;
				CLANG_WARN_INFINITE_RECURSION = YES;
				CLANG_WARN_INT_CONVERSION = YES;
				CLANG_WARN_NON_LITERAL_NULL_CONVERSION = YES;
				CLANG_WARN_OBJC_IMPLICIT_RETAIN_SELF = YES;
				CLANG_WARN_OBJC_LITERAL_CONVERSION = YES;
				CLANG_WARN_OBJC_ROOT_CLASS = YES_ERROR;
				CLANG_WARN_RANGE_LOOP_ANALYSIS = YES;
				CLANG_WARN_STRICT_PROTOTYPES = YES;
				CLANG_WARN_SUSPICIOUS_MOVE = YES;
				CLANG_WARN_UNREACHABLE_CODE = YES;
				CLANG_WARN__DUPLICATE_METHOD_MATCH = YES;
				"CODE_SIGN_IDENTITY[sdk=iphoneos*]" = "iPhone Developer";
				COPY_PHASE_STRIP = NO;
				DEBUG_INFORMATION_FORMAT = "dwarf-with-dsym";
				ENABLE_NS_ASSERTIONS = NO;
				ENABLE_STRICT_OBJC_MSGSEND = YES;
				GCC_C_LANGUAGE_STANDARD = gnu99;
				GCC_NO_COMMON_BLOCKS = YES;
				GCC_WARN_64_TO_32_BIT_CONVERSION = YES;
				GCC_WARN_ABOUT_RETURN_TYPE = YES_ERROR;
				GCC_WARN_UNDECLARED_SELECTOR = YES;
				GCC_WARN_UNINITIALIZED_AUTOS = YES_AGGRESSIVE;
				GCC_WARN_UNUSED_FUNCTION = YES;
				GCC_WARN_UNUSED_VARIABLE = YES;
				IPHONEOS_DEPLOYMENT_TARGET = 9.3;
				MTL_ENABLE_DEBUG_INFO = NO;
				SDKROOT = iphoneos;
				SWIFT_COMPILATION_MODE = wholemodule;
				VALIDATE_PRODUCT = YES;
			};
			name = Release;
		};
		96A8C0F01D81D9F100797080 /* Debug */ = {
			isa = XCBuildConfiguration;
			baseConfigurationReference = 9E6B7DCF33C7FD5F8EB7EE4C /* Pods-ios-swift-faceapi-sample.debug.xcconfig */;
			buildSettings = {
				ASSETCATALOG_COMPILER_APPICON_NAME = AppIcon;
				CLANG_ENABLE_MODULES = YES;
				CODE_SIGN_ENTITLEMENTS = "ios-swift-faceapi-sample/ios-swift-faceapi-sample.entitlements";
				DEVELOPMENT_TEAM = "";
				INFOPLIST_FILE = "ios-swift-faceapi-sample/Info.plist";
				IPHONEOS_DEPLOYMENT_TARGET = 9.0;
				LD_RUNPATH_SEARCH_PATHS = "$(inherited) @executable_path/Frameworks";
				PRODUCT_BUNDLE_IDENTIFIER = "com.microsoft.ios-swift-faceapi-sample";
				PRODUCT_NAME = "$(TARGET_NAME)";
				SWIFT_OBJC_BRIDGING_HEADER = "";
				SWIFT_OPTIMIZATION_LEVEL = "-Onone";
				SWIFT_VERSION = 4.2;
			};
			name = Debug;
		};
		96A8C0F11D81D9F100797080 /* Release */ = {
			isa = XCBuildConfiguration;
			baseConfigurationReference = 3215642D1D267668AD70ABAD /* Pods-ios-swift-faceapi-sample.release.xcconfig */;
			buildSettings = {
				ASSETCATALOG_COMPILER_APPICON_NAME = AppIcon;
				CLANG_ENABLE_MODULES = YES;
				CODE_SIGN_ENTITLEMENTS = "ios-swift-faceapi-sample/ios-swift-faceapi-sample.entitlements";
				DEVELOPMENT_TEAM = "";
				INFOPLIST_FILE = "ios-swift-faceapi-sample/Info.plist";
				IPHONEOS_DEPLOYMENT_TARGET = 9.0;
				LD_RUNPATH_SEARCH_PATHS = "$(inherited) @executable_path/Frameworks";
				PRODUCT_BUNDLE_IDENTIFIER = "com.microsoft.ios-swift-faceapi-sample";
				PRODUCT_NAME = "$(TARGET_NAME)";
				SWIFT_OBJC_BRIDGING_HEADER = "";
				SWIFT_VERSION = 4.2;
			};
			name = Release;
		};
/* End XCBuildConfiguration section */

/* Begin XCConfigurationList section */
		96A8C0D81D81D9F100797080 /* Build configuration list for PBXProject "ios-swift-faceapi-sample" */ = {
			isa = XCConfigurationList;
			buildConfigurations = (
				96A8C0ED1D81D9F100797080 /* Debug */,
				96A8C0EE1D81D9F100797080 /* Release */,
			);
			defaultConfigurationIsVisible = 0;
			defaultConfigurationName = Release;
		};
		96A8C0EF1D81D9F100797080 /* Build configuration list for PBXNativeTarget "ios-swift-faceapi-sample" */ = {
			isa = XCConfigurationList;
			buildConfigurations = (
				96A8C0F01D81D9F100797080 /* Debug */,
				96A8C0F11D81D9F100797080 /* Release */,
			);
			defaultConfigurationIsVisible = 0;
			defaultConfigurationName = Release;
		};
/* End XCConfigurationList section */
	};
	rootObject = 96A8C0D51D81D9F100797080 /* Project object */;
}
